
Microsoft Visual Studio Solution File, Format Version 12.00
# Visual Studio 15
VisualStudioVersion = 15.0.27004.2006
MinimumVisualStudioVersion = 10.0.40219.1
Project("{FAE04EC0-301F-11D3-BF4B-00C04F79EFBC}") = "Touha.Tool.UI", "Touha.Tool.UI\Touha.Tool.UI.csproj", "{870106B3-2F87-4CF8-81E6-91CC390C3876}"
EndProject
Project("{FAE04EC0-301F-11D3-BF4B-00C04F79EFBC}") = "Touha.Tools.Common", "Touha.Tools\Touha.Tools.Common.csproj", "{D4C80F28-7E5E-4131-8614-00350F55535B}"
EndProject
Project("{FAE04EC0-301F-11D3-BF4B-00C04F79EFBC}") = "Touha.Tools.Common.Test", "Touha.Tools.Common.Test\Touha.Tools.Common.Test.csproj", "{5BCE3798-1986-41B2-96B4-97EAEA416670}"
EndProject
Global
	GlobalSection(SolutionConfigurationPlatforms) = preSolution
		Debug|Any CPU = Debug|Any CPU
		Release|Any CPU = Release|Any CPU
	EndGlobalSection
	GlobalSection(ProjectConfigurationPlatforms) = postSolution
		{870106B3-2F87-4CF8-81E6-91CC390C3876}.Debug|Any CPU.ActiveCfg = Debug|Any CPU
		{870106B3-2F87-4CF8-81E6-91CC390C3876}.Debug|Any CPU.Build.0 = Debug|Any CPU
		{870106B3-2F87-4CF8-81E6-91CC390C3876}.Release|Any CPU.ActiveCfg = Release|Any CPU
		{870106B3-2F87-4CF8-81E6-91CC390C3876}.Release|Any CPU.Build.0 = Release|Any CPU
		{D4C80F28-7E5E-4131-8614-00350F55535B}.Debug|Any CPU.ActiveCfg = Debug|Any CPU
		{D4C80F28-7E5E-4131-8614-00350F55535B}.Debug|Any CPU.Build.0 = Debug|Any CPU
		{D4C80F28-7E5E-4131-8614-00350F55535B}.Release|Any CPU.ActiveCfg = Release|Any CPU
		{D4C80F28-7E5E-4131-8614-00350F55535B}.Release|Any CPU.Build.0 = Release|Any CPU
		{5BCE3798-1986-41B2-96B4-97EAEA416670}.Debug|Any CPU.ActiveCfg = Debug|Any CPU
		{5BCE3798-1986-41B2-96B4-97EAEA416670}.Debug|Any CPU.Build.0 = Debug|Any CPU
		{5BCE3798-1986-41B2-96B4-97EAEA416670}.Release|Any CPU.ActiveCfg = Release|Any CPU
		{5BCE3798-1986-41B2-96B4-97EAEA416670}.Release|Any CPU.Build.0 = Release|Any CPU
	EndGlobalSection
	GlobalSection(SolutionProperties) = preSolution
		HideSolutionNode = FALSE
	EndGlobalSection
	GlobalSection(ExtensibilityGlobals) = postSolution
		SolutionGuid = {47D2E8EF-1204-49B2-9097-3A39CA62D8CF}
	EndGlobalSection
EndGlobal
