
Microsoft Visual Studio Solution File, Format Version 12.00
# Visual Studio 15
VisualStudioVersion = 15.0.27004.2006
MinimumVisualStudioVersion = 10.0.40219.1
Project("{FAE04EC0-301F-11D3-BF4B-00C04F79EFBC}") = "T4.ConsoleTest", "T4.ConsoleTest\T4.ConsoleTest.csproj", "{3916FA02-72A7-4A4D-907B-4C975BEC31FD}"
EndProject
Global
	GlobalSection(SolutionConfigurationPlatforms) = preSolution
		Debug|Any CPU = Debug|Any CPU
		Release|Any CPU = Release|Any CPU
	EndGlobalSection
	GlobalSection(ProjectConfigurationPlatforms) = postSolution
		{3916FA02-72A7-4A4D-907B-4C975BEC31FD}.Debug|Any CPU.ActiveCfg = Debug|Any CPU
		{3916FA02-72A7-4A4D-907B-4C975BEC31FD}.Debug|Any CPU.Build.0 = Debug|Any CPU
		{3916FA02-72A7-4A4D-907B-4C975BEC31FD}.Release|Any CPU.ActiveCfg = Release|Any CPU
		{3916FA02-72A7-4A4D-907B-4C975BEC31FD}.Release|Any CPU.Build.0 = Release|Any CPU
	EndGlobalSection
	GlobalSection(SolutionProperties) = preSolution
		HideSolutionNode = FALSE
	EndGlobalSection
	GlobalSection(ExtensibilityGlobals) = postSolution
		SolutionGuid = {6EBF3FA8-8366-4DDA-B3F1-730D62140142}
	EndGlobalSection
EndGlobal
