
Microsoft Visual Studio Solution File, Format Version 12.00
# Visual Studio 15
VisualStudioVersion = 15.0.27004.2006
MinimumVisualStudioVersion = 10.0.40219.1
Project("{FAE04EC0-301F-11D3-BF4B-00C04F79EFBC}") = "Touha.SSO.AuthCenter", "Touha.SSO.AuthCenter\Touha.SSO.AuthCenter.csproj", "{C7C6235F-6B1D-4C53-BE68-5EF75CA05C2C}"
EndProject
Project("{FAE04EC0-301F-11D3-BF4B-00C04F79EFBC}") = "Touha.SSO.Client1", "Touha.SSO.Client1\Touha.SSO.Client1.csproj", "{C9CDD71D-EAF8-4E1A-BCF4-84EA3F62C520}"
EndProject
Global
	GlobalSection(SolutionConfigurationPlatforms) = preSolution
		Debug|Any CPU = Debug|Any CPU
		Release|Any CPU = Release|Any CPU
	EndGlobalSection
	GlobalSection(ProjectConfigurationPlatforms) = postSolution
		{C7C6235F-6B1D-4C53-BE68-5EF75CA05C2C}.Debug|Any CPU.ActiveCfg = Debug|Any CPU
		{C7C6235F-6B1D-4C53-BE68-5EF75CA05C2C}.Debug|Any CPU.Build.0 = Debug|Any CPU
		{C7C6235F-6B1D-4C53-BE68-5EF75CA05C2C}.Release|Any CPU.ActiveCfg = Release|Any CPU
		{C7C6235F-6B1D-4C53-BE68-5EF75CA05C2C}.Release|Any CPU.Build.0 = Release|Any CPU
		{C9CDD71D-EAF8-4E1A-BCF4-84EA3F62C520}.Debug|Any CPU.ActiveCfg = Debug|Any CPU
		{C9CDD71D-EAF8-4E1A-BCF4-84EA3F62C520}.Debug|Any CPU.Build.0 = Debug|Any CPU
		{C9CDD71D-EAF8-4E1A-BCF4-84EA3F62C520}.Release|Any CPU.ActiveCfg = Release|Any CPU
		{C9CDD71D-EAF8-4E1A-BCF4-84EA3F62C520}.Release|Any CPU.Build.0 = Release|Any CPU
	EndGlobalSection
	GlobalSection(SolutionProperties) = preSolution
		HideSolutionNode = FALSE
	EndGlobalSection
	GlobalSection(ExtensibilityGlobals) = postSolution
		SolutionGuid = {D403602D-2051-44B5-AAAA-4EDC410E0DA0}
	EndGlobalSection
EndGlobal
