
Microsoft Visual Studio Solution File, Format Version 12.00
# Visual Studio 15
VisualStudioVersion = 15.0.27004.2006
MinimumVisualStudioVersion = 10.0.40219.1
Project("{FAE04EC0-301F-11D3-BF4B-00C04F79EFBC}") = "Touha.Ioc.Core", "Touha.Ioc.Core\Touha.Ioc.Core.csproj", "{0F615570-51DB-452B-944C-B7F064BA13DA}"
EndProject
Project("{FAE04EC0-301F-11D3-BF4B-00C04F79EFBC}") = "Touha.Ioc.CoreTests", "Touha.Ioc.CoreTests\Touha.Ioc.CoreTests.csproj", "{3D3A6ABE-F6FB-455D-A58A-2FFC6BF936C0}"
EndProject
Global
	GlobalSection(SolutionConfigurationPlatforms) = preSolution
		Debug|Any CPU = Debug|Any CPU
		Release|Any CPU = Release|Any CPU
	EndGlobalSection
	GlobalSection(ProjectConfigurationPlatforms) = postSolution
		{0F615570-51DB-452B-944C-B7F064BA13DA}.Debug|Any CPU.ActiveCfg = Debug|Any CPU
		{0F615570-51DB-452B-944C-B7F064BA13DA}.Debug|Any CPU.Build.0 = Debug|Any CPU
		{0F615570-51DB-452B-944C-B7F064BA13DA}.Release|Any CPU.ActiveCfg = Release|Any CPU
		{0F615570-51DB-452B-944C-B7F064BA13DA}.Release|Any CPU.Build.0 = Release|Any CPU
		{3D3A6ABE-F6FB-455D-A58A-2FFC6BF936C0}.Debug|Any CPU.ActiveCfg = Debug|Any CPU
		{3D3A6ABE-F6FB-455D-A58A-2FFC6BF936C0}.Debug|Any CPU.Build.0 = Debug|Any CPU
		{3D3A6ABE-F6FB-455D-A58A-2FFC6BF936C0}.Release|Any CPU.ActiveCfg = Release|Any CPU
		{3D3A6ABE-F6FB-455D-A58A-2FFC6BF936C0}.Release|Any CPU.Build.0 = Release|Any CPU
	EndGlobalSection
	GlobalSection(SolutionProperties) = preSolution
		HideSolutionNode = FALSE
	EndGlobalSection
	GlobalSection(ExtensibilityGlobals) = postSolution
		SolutionGuid = {8B74362C-47B5-4858-98DA-9DC02E539405}
	EndGlobalSection
EndGlobal
