
Microsoft Visual Studio Solution File, Format Version 12.00
# Visual Studio 15
VisualStudioVersion = 15.0.27004.2006
MinimumVisualStudioVersion = 10.0.40219.1
Project("{FAE04EC0-301F-11D3-BF4B-00C04F79EFBC}") = "Quartz.2010", "..\第三方库\Quartz.NET-2.6\src\Quartz\Quartz.2010.csproj", "{AEF8823B-E45B-4B35-A4D0-C08C1196D017}"
EndProject
Project("{FAE04EC0-301F-11D3-BF4B-00C04F79EFBC}") = "Quatz.Test", "Quatz.Test\Quatz.Test.csproj", "{FD78A9C8-17F9-4ADC-A0F3-B06D0B8495DD}"
EndProject
Global
	GlobalSection(SolutionConfigurationPlatforms) = preSolution
		Debug|Any CPU = Debug|Any CPU
		Release|Any CPU = Release|Any CPU
	EndGlobalSection
	GlobalSection(ProjectConfigurationPlatforms) = postSolution
		{AEF8823B-E45B-4B35-A4D0-C08C1196D017}.Debug|Any CPU.ActiveCfg = Debug|Any CPU
		{AEF8823B-E45B-4B35-A4D0-C08C1196D017}.Debug|Any CPU.Build.0 = Debug|Any CPU
		{AEF8823B-E45B-4B35-A4D0-C08C1196D017}.Release|Any CPU.ActiveCfg = Release|Any CPU
		{AEF8823B-E45B-4B35-A4D0-C08C1196D017}.Release|Any CPU.Build.0 = Release|Any CPU
		{FD78A9C8-17F9-4ADC-A0F3-B06D0B8495DD}.Debug|Any CPU.ActiveCfg = Debug|Any CPU
		{FD78A9C8-17F9-4ADC-A0F3-B06D0B8495DD}.Debug|Any CPU.Build.0 = Debug|Any CPU
		{FD78A9C8-17F9-4ADC-A0F3-B06D0B8495DD}.Release|Any CPU.ActiveCfg = Release|Any CPU
		{FD78A9C8-17F9-4ADC-A0F3-B06D0B8495DD}.Release|Any CPU.Build.0 = Release|Any CPU
	EndGlobalSection
	GlobalSection(SolutionProperties) = preSolution
		HideSolutionNode = FALSE
	EndGlobalSection
	GlobalSection(ExtensibilityGlobals) = postSolution
		SolutionGuid = {C632222B-F9BE-4F16-B420-5CA98B93F75C}
	EndGlobalSection
EndGlobal
