
Microsoft Visual Studio Solution File, Format Version 12.00
# Visual Studio 15
VisualStudioVersion = 15.0.27004.2006
MinimumVisualStudioVersion = 10.0.40219.1
Project("{FAE04EC0-301F-11D3-BF4B-00C04F79EFBC}") = "Touha.Libs", "Touha.Libs\Touha.Libs.csproj", "{049DC3B5-8FF9-49EE-8B0A-A51ECA8CEED0}"
EndProject
Project("{FAE04EC0-301F-11D3-BF4B-00C04F79EFBC}") = "Touha.Libs.Tests", "Touha.Libs.Tests\Touha.Libs.Tests.csproj", "{FD29E576-C90A-44E6-8E9A-41DC8CDFFBD2}"
EndProject
Project("{FAE04EC0-301F-11D3-BF4B-00C04F79EFBC}") = "Touha.Libs.Tools", "Touha.Libs.Tools\Touha.Libs.Tools.csproj", "{58A0767F-BB97-46A5-81F7-7ACF23686C8C}"
EndProject
Global
	GlobalSection(SolutionConfigurationPlatforms) = preSolution
		Debug|Any CPU = Debug|Any CPU
		Release|Any CPU = Release|Any CPU
	EndGlobalSection
	GlobalSection(ProjectConfigurationPlatforms) = postSolution
		{049DC3B5-8FF9-49EE-8B0A-A51ECA8CEED0}.Debug|Any CPU.ActiveCfg = Debug|Any CPU
		{049DC3B5-8FF9-49EE-8B0A-A51ECA8CEED0}.Debug|Any CPU.Build.0 = Debug|Any CPU
		{049DC3B5-8FF9-49EE-8B0A-A51ECA8CEED0}.Release|Any CPU.ActiveCfg = Release|Any CPU
		{049DC3B5-8FF9-49EE-8B0A-A51ECA8CEED0}.Release|Any CPU.Build.0 = Release|Any CPU
		{FD29E576-C90A-44E6-8E9A-41DC8CDFFBD2}.Debug|Any CPU.ActiveCfg = Debug|Any CPU
		{FD29E576-C90A-44E6-8E9A-41DC8CDFFBD2}.Debug|Any CPU.Build.0 = Debug|Any CPU
		{FD29E576-C90A-44E6-8E9A-41DC8CDFFBD2}.Release|Any CPU.ActiveCfg = Release|Any CPU
		{FD29E576-C90A-44E6-8E9A-41DC8CDFFBD2}.Release|Any CPU.Build.0 = Release|Any CPU
		{58A0767F-BB97-46A5-81F7-7ACF23686C8C}.Debug|Any CPU.ActiveCfg = Debug|Any CPU
		{58A0767F-BB97-46A5-81F7-7ACF23686C8C}.Debug|Any CPU.Build.0 = Debug|Any CPU
		{58A0767F-BB97-46A5-81F7-7ACF23686C8C}.Release|Any CPU.ActiveCfg = Release|Any CPU
		{58A0767F-BB97-46A5-81F7-7ACF23686C8C}.Release|Any CPU.Build.0 = Release|Any CPU
	EndGlobalSection
	GlobalSection(SolutionProperties) = preSolution
		HideSolutionNode = FALSE
	EndGlobalSection
	GlobalSection(ExtensibilityGlobals) = postSolution
		SolutionGuid = {5B393257-3CA4-4132-8C92-98C046AE1989}
	EndGlobalSection
EndGlobal
